// !$*UTF8*$!
{
	archiveVersion = 1;
	classes = {
	};
	objectVersion = 46;
	objects = {

/* Begin PBXBuildFile section */
		AE7DE576200BD0BB000FD66E /* AppDelegate.swift in Sources */ = {isa = PBXBuildFile; fileRef = AE7DE575200BD0BB000FD66E /* AppDelegate.swift */; };
		AE7DE57B200BD0BB000FD66E /* Main.storyboard in Resources */ = {isa = PBXBuildFile; fileRef = AE7DE579200BD0BB000FD66E /* Main.storyboard */; };
		AE7DE57D200BD0BB000FD66E /* Assets.xcassets in Resources */ = {isa = PBXBuildFile; fileRef = AE7DE57C200BD0BB000FD66E /* Assets.xcassets */; };
		AE7DE580200BD0BB000FD66E /* LaunchScreen.storyboard in Resources */ = {isa = PBXBuildFile; fileRef = AE7DE57E200BD0BB000FD66E /* LaunchScreen.storyboard */; };
		AE7DE58B200BD0BC000FD66E /* PersonAppTests.swift in Sources */ = {isa = PBXBuildFile; fileRef = AE7DE58A200BD0BC000FD66E /* PersonAppTests.swift */; };
		AE7DE596200BD0BC000FD66E /* PersonAppUITests.swift in Sources */ = {isa = PBXBuildFile; fileRef = AE7DE595200BD0BC000FD66E /* PersonAppUITests.swift */; };
		AE7DE5AC200BD26A000FD66E /* PersonListViewController.swift in Sources */ = {isa = PBXBuildFile; fileRef = AE7DE5AB200BD26A000FD66E /* PersonListViewController.swift */; };
		AE7DE5AE200BD27F000FD66E /* Person.swift in Sources */ = {isa = PBXBuildFile; fileRef = AE7DE5AD200BD27F000FD66E /* Person.swift */; };
		AE7DE5B0200BDD82000FD66E /* PersonDetailViewController.swift in Sources */ = {isa = PBXBuildFile; fileRef = AE7DE5AF200BDD82000FD66E /* PersonDetailViewController.swift */; };
/* End PBXBuildFile section */

/* Begin PBXContainerItemProxy section */
		AE7DE587200BD0BC000FD66E /* PBXContainerItemProxy */ = {
			isa = PBXContainerItemProxy;
			containerPortal = AE7DE56A200BD0BB000FD66E /* Project object */;
			proxyType = 1;
			remoteGlobalIDString = AE7DE571200BD0BB000FD66E;
			remoteInfo = PersonApp;
		};
		AE7DE592200BD0BC000FD66E /* PBXContainerItemProxy */ = {
			isa = PBXContainerItemProxy;
			containerPortal = AE7DE56A200BD0BB000FD66E /* Project object */;
			proxyType = 1;
			remoteGlobalIDString = AE7DE571200BD0BB000FD66E;
			remoteInfo = PersonApp;
		};
/* End PBXContainerItemProxy section */

/* Begin PBXFileReference section */
		AE7DE572200BD0BB000FD66E /* PersonApp.app */ = {isa = PBXFileReference; explicitFileType = wrapper.application; includeInIndex = 0; path = PersonApp.app; sourceTree = BUILT_PRODUCTS_DIR; };
		AE7DE575200BD0BB000FD66E /* AppDelegate.swift */ = {isa = PBXFileReference; lastKnownFileType = sourcecode.swift; path = AppDelegate.swift; sourceTree = "<group>"; };
		AE7DE57A200BD0BB000FD66E /* Base */ = {isa = PBXFileReference; lastKnownFileType = file.storyboard; name = Base; path = Base.lproj/Main.storyboard; sourceTree = "<group>"; };
		AE7DE57C200BD0BB000FD66E /* Assets.xcassets */ = {isa = PBXFileReference; lastKnownFileType = folder.assetcatalog; path = Assets.xcassets; sourceTree = "<group>"; };
		AE7DE57F200BD0BB000FD66E /* Base */ = {isa = PBXFileReference; lastKnownFileType = file.storyboard; name = Base; path = Base.lproj/LaunchScreen.storyboard; sourceTree = "<group>"; };
		AE7DE581200BD0BB000FD66E /* Info.plist */ = {isa = PBXFileReference; lastKnownFileType = text.plist.xml; path = Info.plist; sourceTree = "<group>"; };
		AE7DE586200BD0BC000FD66E /* PersonAppTests.xctest */ = {isa = PBXFileReference; explicitFileType = wrapper.cfbundle; includeInIndex = 0; path = PersonAppTests.xctest; sourceTree = BUILT_PRODUCTS_DIR; };
		AE7DE58A200BD0BC000FD66E /* PersonAppTests.swift */ = {isa = PBXFileReference; lastKnownFileType = sourcecode.swift; path = PersonAppTests.swift; sourceTree = "<group>"; };
		AE7DE58C200BD0BC000FD66E /* Info.plist */ = {isa = PBXFileReference; lastKnownFileType = text.plist.xml; path = Info.plist; sourceTree = "<group>"; };
		AE7DE591200BD0BC000FD66E /* PersonAppUITests.xctest */ = {isa = PBXFileReference; explicitFileType = wrapper.cfbundle; includeInIndex = 0; path = PersonAppUITests.xctest; sourceTree = BUILT_PRODUCTS_DIR; };
		AE7DE595200BD0BC000FD66E /* PersonAppUITests.swift */ = {isa = PBXFileReference; lastKnownFileType = sourcecode.swift; path = PersonAppUITests.swift; sourceTree = "<group>"; };
		AE7DE597200BD0BC000FD66E /* Info.plist */ = {isa = PBXFileReference; lastKnownFileType = text.plist.xml; path = Info.plist; sourceTree = "<group>"; };
		AE7DE5AB200BD26A000FD66E /* PersonListViewController.swift */ = {isa = PBXFileReference; fileEncoding = 4; lastKnownFileType = sourcecode.swift; name = PersonListViewController.swift; path = ViewControllers/PersonListViewController.swift; sourceTree = "<group>"; };
		AE7DE5AD200BD27F000FD66E /* Person.swift */ = {isa = PBXFileReference; fileEncoding = 4; lastKnownFileType = sourcecode.swift; name = Person.swift; path = Model/Person.swift; sourceTree = "<group>"; };
		AE7DE5AF200BDD82000FD66E /* PersonDetailViewController.swift */ = {isa = PBXFileReference; fileEncoding = 4; lastKnownFileType = sourcecode.swift; name = PersonDetailViewController.swift; path = ViewControllers/PersonDetailViewController.swift; sourceTree = "<group>"; };
/* End PBXFileReference section */

/* Begin PBXFrameworksBuildPhase section */
		AE7DE56F200BD0BB000FD66E /* Frameworks */ = {
			isa = PBXFrameworksBuildPhase;
			buildActionMask = 2147483647;
			files = (
			);
			runOnlyForDeploymentPostprocessing = 0;
		};
		AE7DE583200BD0BC000FD66E /* Frameworks */ = {
			isa = PBXFrameworksBuildPhase;
			buildActionMask = 2147483647;
			files = (
			);
			runOnlyForDeploymentPostprocessing = 0;
		};
		AE7DE58E200BD0BC000FD66E /* Frameworks */ = {
			isa = PBXFrameworksBuildPhase;
			buildActionMask = 2147483647;
			files = (
			);
			runOnlyForDeploymentPostprocessing = 0;
		};
/* End PBXFrameworksBuildPhase section */

/* Begin PBXGroup section */
		AE7DE569200BD0BB000FD66E = {
			isa = PBXGroup;
			children = (
				AE7DE574200BD0BB000FD66E /* PersonApp */,
				AE7DE589200BD0BC000FD66E /* PersonAppTests */,
				AE7DE594200BD0BC000FD66E /* PersonAppUITests */,
				AE7DE573200BD0BB000FD66E /* Products */,
			);
			sourceTree = "<group>";
		};
		AE7DE573200BD0BB000FD66E /* Products */ = {
			isa = PBXGroup;
			children = (
				AE7DE572200BD0BB000FD66E /* PersonApp.app */,
				AE7DE586200BD0BC000FD66E /* PersonAppTests.xctest */,
				AE7DE591200BD0BC000FD66E /* PersonAppUITests.xctest */,
			);
			name = Products;
			sourceTree = "<group>";
		};
		AE7DE574200BD0BB000FD66E /* PersonApp */ = {
			isa = PBXGroup;
			children = (
				AE7DE5A4200BD131000FD66E /* Model */,
				AE7DE5A3200BD127000FD66E /* ViewControllers */,
				AE7DE575200BD0BB000FD66E /* AppDelegate.swift */,
				AE7DE579200BD0BB000FD66E /* Main.storyboard */,
				AE7DE57C200BD0BB000FD66E /* Assets.xcassets */,
				AE7DE57E200BD0BB000FD66E /* LaunchScreen.storyboard */,
				AE7DE581200BD0BB000FD66E /* Info.plist */,
			);
			path = PersonApp;
			sourceTree = "<group>";
		};
		AE7DE589200BD0BC000FD66E /* PersonAppTests */ = {
			isa = PBXGroup;
			children = (
				AE7DE58A200BD0BC000FD66E /* PersonAppTests.swift */,
				AE7DE58C200BD0BC000FD66E /* Info.plist */,
			);
			path = PersonAppTests;
			sourceTree = "<group>";
		};
		AE7DE594200BD0BC000FD66E /* PersonAppUITests */ = {
			isa = PBXGroup;
			children = (
				AE7DE595200BD0BC000FD66E /* PersonAppUITests.swift */,
				AE7DE597200BD0BC000FD66E /* Info.plist */,
			);
			path = PersonAppUITests;
			sourceTree = "<group>";
		};
		AE7DE5A3200BD127000FD66E /* ViewControllers */ = {
			isa = PBXGroup;
			children = (
				AE7DE5AB200BD26A000FD66E /* PersonListViewController.swift */,
				AE7DE5AF200BDD82000FD66E /* PersonDetailViewController.swift */,
			);
			name = ViewControllers;
			sourceTree = "<group>";
		};
		AE7DE5A4200BD131000FD66E /* Model */ = {
			isa = PBXGroup;
			children = (
				AE7DE5AD200BD27F000FD66E /* Person.swift */,
			);
			name = Model;
			sourceTree = "<group>";
		};
/* End PBXGroup section */

/* Begin PBXNativeTarget section */
		AE7DE571200BD0BB000FD66E /* PersonApp */ = {
			isa = PBXNativeTarget;
			buildConfigurationList = AE7DE59A200BD0BC000FD66E /* Build configuration list for PBXNativeTarget "PersonApp" */;
			buildPhases = (
				AE7DE56E200BD0BB000FD66E /* Sources */,
				AE7DE56F200BD0BB000FD66E /* Frameworks */,
				AE7DE570200BD0BB000FD66E /* Resources */,
			);
			buildRules = (
			);
			dependencies = (
			);
			name = PersonApp;
			productName = PersonApp;
			productReference = AE7DE572200BD0BB000FD66E /* PersonApp.app */;
			productType = "com.apple.product-type.application";
		};
		AE7DE585200BD0BC000FD66E /* PersonAppTests */ = {
			isa = PBXNativeTarget;
			buildConfigurationList = AE7DE59D200BD0BC000FD66E /* Build configuration list for PBXNativeTarget "PersonAppTests" */;
			buildPhases = (
				AE7DE582200BD0BC000FD66E /* Sources */,
				AE7DE583200BD0BC000FD66E /* Frameworks */,
				AE7DE584200BD0BC000FD66E /* Resources */,
			);
			buildRules = (
			);
			dependencies = (
				AE7DE588200BD0BC000FD66E /* PBXTargetDependency */,
			);
			name = PersonAppTests;
			productName = PersonAppTests;
			productReference = AE7DE586200BD0BC000FD66E /* PersonAppTests.xctest */;
			productType = "com.apple.product-type.bundle.unit-test";
		};
		AE7DE590200BD0BC000FD66E /* PersonAppUITests */ = {
			isa = PBXNativeTarget;
			buildConfigurationList = AE7DE5A0200BD0BC000FD66E /* Build configuration list for PBXNativeTarget "PersonAppUITests" */;
			buildPhases = (
				AE7DE58D200BD0BC000FD66E /* Sources */,
				AE7DE58E200BD0BC000FD66E /* Frameworks */,
				AE7DE58F200BD0BC000FD66E /* Resources */,
			);
			buildRules = (
			);
			dependencies = (
				AE7DE593200BD0BC000FD66E /* PBXTargetDependency */,
			);
			name = PersonAppUITests;
			productName = PersonAppUITests;
			productReference = AE7DE591200BD0BC000FD66E /* PersonAppUITests.xctest */;
			productType = "com.apple.product-type.bundle.ui-testing";
		};
/* End PBXNativeTarget section */

/* Begin PBXProject section */
		AE7DE56A200BD0BB000FD66E /* Project object */ = {
			isa = PBXProject;
			attributes = {
				LastSwiftUpdateCheck = 0830;
				LastUpgradeCheck = 0830;
				ORGANIZATIONNAME = "Cybilltek Software Inc.";
				TargetAttributes = {
					AE7DE571200BD0BB000FD66E = {
						CreatedOnToolsVersion = 8.3.3;
						DevelopmentTeam = 6JSAHZ3JB4;
						ProvisioningStyle = Automatic;
					};
					AE7DE585200BD0BC000FD66E = {
						CreatedOnToolsVersion = 8.3.3;
						DevelopmentTeam = 6JSAHZ3JB4;
						ProvisioningStyle = Automatic;
						TestTargetID = AE7DE571200BD0BB000FD66E;
					};
					AE7DE590200BD0BC000FD66E = {
						CreatedOnToolsVersion = 8.3.3;
						DevelopmentTeam = 6JSAHZ3JB4;
						ProvisioningStyle = Automatic;
						TestTargetID = AE7DE571200BD0BB000FD66E;
					};
				};
			};
			buildConfigurationList = AE7DE56D200BD0BB000FD66E /* Build configuration list for PBXProject "PersonApp" */;
			compatibilityVersion = "Xcode 3.2";
			developmentRegion = English;
			hasScannedForEncodings = 0;
			knownRegions = (
				en,
				Base,
			);
			mainGroup = AE7DE569200BD0BB000FD66E;
			productRefGroup = AE7DE573200BD0BB000FD66E /* Products */;
			projectDirPath = "";
			projectRoot = "";
			targets = (
				AE7DE571200BD0BB000FD66E /* PersonApp */,
				AE7DE585200BD0BC000FD66E /* PersonAppTests */,
				AE7DE590200BD0BC000FD66E /* PersonAppUITests */,
			);
		};
/* End PBXProject section */

/* Begin PBXResourcesBuildPhase section */
		AE7DE570200BD0BB000FD66E /* Resources */ = {
			isa = PBXResourcesBuildPhase;
			buildActionMask = 2147483647;
			files = (
				AE7DE580200BD0BB000FD66E /* LaunchScreen.storyboard in Resources */,
				AE7DE57D200BD0BB000FD66E /* Assets.xcassets in Resources */,
				AE7DE57B200BD0BB000FD66E /* Main.storyboard in Resources */,
			);
			runOnlyForDeploymentPostprocessing = 0;
		};
		AE7DE584200BD0BC000FD66E /* Resources */ = {
			isa = PBXResourcesBuildPhase;
			buildActionMask = 2147483647;
			files = (
			);
			runOnlyForDeploymentPostprocessing = 0;
		};
		AE7DE58F200BD0BC000FD66E /* Resources */ = {
			isa = PBXResourcesBuildPhase;
			buildActionMask = 2147483647;
			files = (
			);
			runOnlyForDeploymentPostprocessing = 0;
		};
/* End PBXResourcesBuildPhase section */

/* Begin PBXSourcesBuildPhase section */
		AE7DE56E200BD0BB000FD66E /* Sources */ = {
			isa = PBXSourcesBuildPhase;
			buildActionMask = 2147483647;
			files = (
				AE7DE5B0200BDD82000FD66E /* PersonDetailViewController.swift in Sources */,
				AE7DE5AE200BD27F000FD66E /* Person.swift in Sources */,
				AE7DE576200BD0BB000FD66E /* AppDelegate.swift in Sources */,
				AE7DE5AC200BD26A000FD66E /* PersonListViewController.swift in Sources */,
			);
			runOnlyForDeploymentPostprocessing = 0;
		};
		AE7DE582200BD0BC000FD66E /* Sources */ = {
			isa = PBXSourcesBuildPhase;
			buildActionMask = 2147483647;
			files = (
				AE7DE58B200BD0BC000FD66E /* PersonAppTests.swift in Sources */,
			);
			runOnlyForDeploymentPostprocessing = 0;
		};
		AE7DE58D200BD0BC000FD66E /* Sources */ = {
			isa = PBXSourcesBuildPhase;
			buildActionMask = 2147483647;
			files = (
				AE7DE596200BD0BC000FD66E /* PersonAppUITests.swift in Sources */,
			);
			runOnlyForDeploymentPostprocessing = 0;
		};
/* End PBXSourcesBuildPhase section */

/* Begin PBXTargetDependency section */
		AE7DE588200BD0BC000FD66E /* PBXTargetDependency */ = {
			isa = PBXTargetDependency;
			target = AE7DE571200BD0BB000FD66E /* PersonApp */;
			targetProxy = AE7DE587200BD0BC000FD66E /* PBXContainerItemProxy */;
		};
		AE7DE593200BD0BC000FD66E /* PBXTargetDependency */ = {
			isa = PBXTargetDependency;
			target = AE7DE571200BD0BB000FD66E /* PersonApp */;
			targetProxy = AE7DE592200BD0BC000FD66E /* PBXContainerItemProxy */;
		};
/* End PBXTargetDependency section */

/* Begin PBXVariantGroup section */
		AE7DE579200BD0BB000FD66E /* Main.storyboard */ = {
			isa = PBXVariantGroup;
			children = (
				AE7DE57A200BD0BB000FD66E /* Base */,
			);
			name = Main.storyboard;
			sourceTree = "<group>";
		};
		AE7DE57E200BD0BB000FD66E /* LaunchScreen.storyboard */ = {
			isa = PBXVariantGroup;
			children = (
				AE7DE57F200BD0BB000FD66E /* Base */,
			);
			name = LaunchScreen.storyboard;
			sourceTree = "<group>";
		};
/* End PBXVariantGroup section */

/* Begin XCBuildConfiguration section */
		AE7DE598200BD0BC000FD66E /* Debug */ = {
			isa = XCBuildConfiguration;
			buildSettings = {
				ALWAYS_SEARCH_USER_PATHS = NO;
				CLANG_ANALYZER_NONNULL = YES;
				CLANG_ANALYZER_NUMBER_OBJECT_CONVERSION = YES_AGGRESSIVE;
				CLANG_CXX_LANGUAGE_STANDARD = "gnu++0x";
				CLANG_CXX_LIBRARY = "libc++";
				CLANG_ENABLE_MODULES = YES;
				CLANG_ENABLE_OBJC_ARC = YES;
				CLANG_WARN_BOOL_CONVERSION = YES;
				CLANG_WARN_CONSTANT_CONVERSION = YES;
				CLANG_WARN_DIRECT_OBJC_ISA_USAGE = YES_ERROR;
				CLANG_WARN_DOCUMENTATION_COMMENTS = YES;
				CLANG_WARN_EMPTY_BODY = YES;
				CLANG_WARN_ENUM_CONVERSION = YES;
				CLANG_WARN_INFINITE_RECURSION = YES;
				CLANG_WARN_INT_CONVERSION = YES;
				CLANG_WARN_OBJC_ROOT_CLASS = YES_ERROR;
				CLANG_WARN_SUSPICIOUS_MOVE = YES;
				CLANG_WARN_UNREACHABLE_CODE = YES;
				CLANG_WARN__DUPLICATE_METHOD_MATCH = YES;
				"CODE_SIGN_IDENTITY[sdk=iphoneos*]" = "iPhone Developer";
				COPY_PHASE_STRIP = NO;
				DEBUG_INFORMATION_FORMAT = dwarf;
				ENABLE_STRICT_OBJC_MSGSEND = YES;
				ENABLE_TESTABILITY = YES;
				GCC_C_LANGUAGE_STANDARD = gnu99;
				GCC_DYNAMIC_NO_PIC = NO;
				GCC_NO_COMMON_BLOCKS = YES;
				GCC_OPTIMIZATION_LEVEL = 0;
				GCC_PREPROCESSOR_DEFINITIONS = (
					"DEBUG=1",
					"$(inherited)",
				);
				GCC_WARN_64_TO_32_BIT_CONVERSION = YES;
				GCC_WARN_ABOUT_RETURN_TYPE = YES_ERROR;
				GCC_WARN_UNDECLARED_SELECTOR = YES;
				GCC_WARN_UNINITIALIZED_AUTOS = YES_AGGRESSIVE;
				GCC_WARN_UNUSED_FUNCTION = YES;
				GCC_WARN_UNUSED_VARIABLE = YES;
				IPHONEOS_DEPLOYMENT_TARGET = 10.3;
				MTL_ENABLE_DEBUG_INFO = YES;
				ONLY_ACTIVE_ARCH = YES;
				SDKROOT = iphoneos;
				SWIFT_ACTIVE_COMPILATION_CONDITIONS = DEBUG;
				SWIFT_OPTIMIZATION_LEVEL = "-Onone";
				TARGETED_DEVICE_FAMILY = "1,2";
			};
			name = Debug;
		};
		AE7DE599200BD0BC000FD66E /* Release */ = {
			isa = XCBuildConfiguration;
			buildSettings = {
				ALWAYS_SEARCH_USER_PATHS = NO;
				CLANG_ANALYZER_NONNULL = YES;
				CLANG_ANALYZER_NUMBER_OBJECT_CONVERSION = YES_AGGRESSIVE;
				CLANG_CXX_LANGUAGE_STANDARD = "gnu++0x";
				CLANG_CXX_LIBRARY = "libc++";
				CLANG_ENABLE_MODULES = YES;
				CLANG_ENABLE_OBJC_ARC = YES;
				CLANG_WARN_BOOL_CONVERSION = YES;
				CLANG_WARN_CONSTANT_CONVERSION = YES;
				CLANG_WARN_DIRECT_OBJC_ISA_USAGE = YES_ERROR;
				CLANG_WARN_DOCUMENTATION_COMMENTS = YES;
				CLANG_WARN_EMPTY_BODY = YES;
				CLANG_WARN_ENUM_CONVERSION = YES;
				CLANG_WARN_INFINITE_RECURSION = YES;
				CLANG_WARN_INT_CONVERSION = YES;
				CLANG_WARN_OBJC_ROOT_CLASS = YES_ERROR;
				CLANG_WARN_SUSPICIOUS_MOVE = YES;
				CLANG_WARN_UNREACHABLE_CODE = YES;
				CLANG_WARN__DUPLICATE_METHOD_MATCH = YES;
				"CODE_SIGN_IDENTITY[sdk=iphoneos*]" = "iPhone Developer";
				COPY_PHASE_STRIP = NO;
				DEBUG_INFORMATION_FORMAT = "dwarf-with-dsym";
				ENABLE_NS_ASSERTIONS = NO;
				ENABLE_STRICT_OBJC_MSGSEND = YES;
				GCC_C_LANGUAGE_STANDARD = gnu99;
				GCC_NO_COMMON_BLOCKS = YES;
				GCC_WARN_64_TO_32_BIT_CONVERSION = YES;
				GCC_WARN_ABOUT_RETURN_TYPE = YES_ERROR;
				GCC_WARN_UNDECLARED_SELECTOR = YES;
				GCC_WARN_UNINITIALIZED_AUTOS = YES_AGGRESSIVE;
				GCC_WARN_UNUSED_FUNCTION = YES;
				GCC_WARN_UNUSED_VARIABLE = YES;
				IPHONEOS_DEPLOYMENT_TARGET = 10.3;
				MTL_ENABLE_DEBUG_INFO = NO;
				SDKROOT = iphoneos;
				SWIFT_OPTIMIZATION_LEVEL = "-Owholemodule";
				TARGETED_DEVICE_FAMILY = "1,2";
				VALIDATE_PRODUCT = YES;
			};
			name = Release;
		};
		AE7DE59B200BD0BC000FD66E /* Debug */ = {
			isa = XCBuildConfiguration;
			buildSettings = {
				ASSETCATALOG_COMPILER_APPICON_NAME = AppIcon;
				DEVELOPMENT_TEAM = 6JSAHZ3JB4;
				INFOPLIST_FILE = PersonApp/Info.plist;
				LD_RUNPATH_SEARCH_PATHS = "$(inherited) @executable_path/Frameworks";
				PRODUCT_BUNDLE_IDENTIFIER = ph.com.cybillteksoftware.PersonApp;
				PRODUCT_NAME = "$(TARGET_NAME)";
				SWIFT_VERSION = 3.0;
			};
			name = Debug;
		};
		AE7DE59C200BD0BC000FD66E /* Release */ = {
			isa = XCBuildConfiguration;
			buildSettings = {
				ASSETCATALOG_COMPILER_APPICON_NAME = AppIcon;
				DEVELOPMENT_TEAM = 6JSAHZ3JB4;
				INFOPLIST_FILE = PersonApp/Info.plist;
				LD_RUNPATH_SEARCH_PATHS = "$(inherited) @executable_path/Frameworks";
				PRODUCT_BUNDLE_IDENTIFIER = ph.com.cybillteksoftware.PersonApp;
				PRODUCT_NAME = "$(TARGET_NAME)";
				SWIFT_VERSION = 3.0;
			};
			name = Release;
		};
		AE7DE59E200BD0BC000FD66E /* Debug */ = {
			isa = XCBuildConfiguration;
			buildSettings = {
				ALWAYS_EMBED_SWIFT_STANDARD_LIBRARIES = YES;
				BUNDLE_LOADER = "$(TEST_HOST)";
				DEVELOPMENT_TEAM = 6JSAHZ3JB4;
				INFOPLIST_FILE = PersonAppTests/Info.plist;
				LD_RUNPATH_SEARCH_PATHS = "$(inherited) @executable_path/Frameworks @loader_path/Frameworks";
				PRODUCT_BUNDLE_IDENTIFIER = ph.com.cybillteksoftware.PersonAppTests;
				PRODUCT_NAME = "$(TARGET_NAME)";
				SWIFT_VERSION = 3.0;
				TEST_HOST = "$(BUILT_PRODUCTS_DIR)/PersonApp.app/PersonApp";
			};
			name = Debug;
		};
		AE7DE59F200BD0BC000FD66E /* Release */ = {
			isa = XCBuildConfiguration;
			buildSettings = {
				ALWAYS_EMBED_SWIFT_STANDARD_LIBRARIES = YES;
				BUNDLE_LOADER = "$(TEST_HOST)";
				DEVELOPMENT_TEAM = 6JSAHZ3JB4;
				INFOPLIST_FILE = PersonAppTests/Info.plist;
				LD_RUNPATH_SEARCH_PATHS = "$(inherited) @executable_path/Frameworks @loader_path/Frameworks";
				PRODUCT_BUNDLE_IDENTIFIER = ph.com.cybillteksoftware.PersonAppTests;
				PRODUCT_NAME = "$(TARGET_NAME)";
				SWIFT_VERSION = 3.0;
				TEST_HOST = "$(BUILT_PRODUCTS_DIR)/PersonApp.app/PersonApp";
			};
			name = Release;
		};
		AE7DE5A1200BD0BC000FD66E /* Debug */ = {
			isa = XCBuildConfiguration;
			buildSettings = {
				ALWAYS_EMBED_SWIFT_STANDARD_LIBRARIES = YES;
				DEVELOPMENT_TEAM = 6JSAHZ3JB4;
				INFOPLIST_FILE = PersonAppUITests/Info.plist;
				LD_RUNPATH_SEARCH_PATHS = "$(inherited) @executable_path/Frameworks @loader_path/Frameworks";
				PRODUCT_BUNDLE_IDENTIFIER = ph.com.cybillteksoftware.PersonAppUITests;
				PRODUCT_NAME = "$(TARGET_NAME)";
				SWIFT_VERSION = 3.0;
				TEST_TARGET_NAME = PersonApp;
			};
			name = Debug;
		};
		AE7DE5A2200BD0BC000FD66E /* Release */ = {
			isa = XCBuildConfiguration;
			buildSettings = {
				ALWAYS_EMBED_SWIFT_STANDARD_LIBRARIES = YES;
				DEVELOPMENT_TEAM = 6JSAHZ3JB4;
				INFOPLIST_FILE = PersonAppUITests/Info.plist;
				LD_RUNPATH_SEARCH_PATHS = "$(inherited) @executable_path/Frameworks @loader_path/Frameworks";
				PRODUCT_BUNDLE_IDENTIFIER = ph.com.cybillteksoftware.PersonAppUITests;
				PRODUCT_NAME = "$(TARGET_NAME)";
				SWIFT_VERSION = 3.0;
				TEST_TARGET_NAME = PersonApp;
			};
			name = Release;
		};
/* End XCBuildConfiguration section */

/* Begin XCConfigurationList section */
		AE7DE56D200BD0BB000FD66E /* Build configuration list for PBXProject "PersonApp" */ = {
			isa = XCConfigurationList;
			buildConfigurations = (
				AE7DE598200BD0BC000FD66E /* Debug */,
				AE7DE599200BD0BC000FD66E /* Release */,
			);
			defaultConfigurationIsVisible = 0;
			defaultConfigurationName = Release;
		};
		AE7DE59A200BD0BC000FD66E /* Build configuration list for PBXNativeTarget "PersonApp" */ = {
			isa = XCConfigurationList;
			buildConfigurations = (
				AE7DE59B200BD0BC000FD66E /* Debug */,
				AE7DE59C200BD0BC000FD66E /* Release */,
			);
			defaultConfigurationIsVisible = 0;
		};
		AE7DE59D200BD0BC000FD66E /* Build configuration list for PBXNativeTarget "PersonAppTests" */ = {
			isa = XCConfigurationList;
			buildConfigurations = (
				AE7DE59E200BD0BC000FD66E /* Debug */,
				AE7DE59F200BD0BC000FD66E /* Release */,
			);
			defaultConfigurationIsVisible = 0;
		};
		AE7DE5A0200BD0BC000FD66E /* Build configuration list for PBXNativeTarget "PersonAppUITests" */ = {
			isa = XCConfigurationList;
			buildConfigurations = (
				AE7DE5A1200BD0BC000FD66E /* Debug */,
				AE7DE5A2200BD0BC000FD66E /* Release */,
			);
			defaultConfigurationIsVisible = 0;
		};
/* End XCConfigurationList section */
	};
	rootObject = AE7DE56A200BD0BB000FD66E /* Project object */;
}
